
Microsoft Visual Studio Solution File, Format Version 12.00
# Visual Studio Version 16
VisualStudioVersion = 16.0.32002.261
MinimumVisualStudioVersion = 10.0.40219.1
Project("{9A19103F-16F7-4668-BE54-9A1E7A4F7556}") = "dmod", "dmod.csproj", "{22044015-DBBF-4531-8C1B-16A09C3EA1AC}"
EndProject
Global
	GlobalSection(SolutionConfigurationPlatforms) = preSolution
		Debug|Any CPU = Debug|Any CPU
		Release|Any CPU = Release|Any CPU
	EndGlobalSection
	GlobalSection(ProjectConfigurationPlatforms) = postSolution
		{22044015-DBBF-4531-8C1B-16A09C3EA1AC}.Debug|Any CPU.ActiveCfg = Debug|Any CPU
		{22044015-DBBF-4531-8C1B-16A09C3EA1AC}.Debug|Any CPU.Build.0 = Debug|Any CPU
		{22044015-DBBF-4531-8C1B-16A09C3EA1AC}.Release|Any CPU.ActiveCfg = Release|Any CPU
		{22044015-DBBF-4531-8C1B-16A09C3EA1AC}.Release|Any CPU.Build.0 = Release|Any CPU
	EndGlobalSection
	GlobalSection(SolutionProperties) = preSolution
		HideSolutionNode = FALSE
	EndGlobalSection
	GlobalSection(ExtensibilityGlobals) = postSolution
		SolutionGuid = {DD78442C-4F95-4B5F-BB1C-1A2E34319372}
	EndGlobalSection
EndGlobal
